
Microsoft Visual Studio Solution File, Format Version 12.00
# Visual Studio Version 16
VisualStudioVersion = 16.0.31105.61
MinimumVisualStudioVersion = 10.0.40219.1
Project("{FAE04EC0-301F-11D3-BF4B-00C04F79EFBC}") = "CodeTour.Shared", "CodeTour.Shared\CodeTour.Shared.csproj", "{C62FBA6F-6B89-4A8A-AD52-B3B84ABB499F}"
EndProject
Project("{FAE04EC0-301F-11D3-BF4B-00C04F79EFBC}") = "CodeTour.Domain", "CodeTour.Domain\CodeTour.Domain.csproj", "{692A58DE-2770-48E3-A7F2-47CA00D42B03}"
EndProject
Project("{FAE04EC0-301F-11D3-BF4B-00C04F79EFBC}") = "CodeTour.Test", "CodeTour.Test\CodeTour.Test.csproj", "{A666A203-9BE9-41CA-B53E-A4BE6FFC3732}"
EndProject
Global
	GlobalSection(SolutionConfigurationPlatforms) = preSolution
		Debug|Any CPU = Debug|Any CPU
		Release|Any CPU = Release|Any CPU
	EndGlobalSection
	GlobalSection(ProjectConfigurationPlatforms) = postSolution
		{C62FBA6F-6B89-4A8A-AD52-B3B84ABB499F}.Debug|Any CPU.ActiveCfg = Debug|Any CPU
		{C62FBA6F-6B89-4A8A-AD52-B3B84ABB499F}.Debug|Any CPU.Build.0 = Debug|Any CPU
		{C62FBA6F-6B89-4A8A-AD52-B3B84ABB499F}.Release|Any CPU.ActiveCfg = Release|Any CPU
		{C62FBA6F-6B89-4A8A-AD52-B3B84ABB499F}.Release|Any CPU.Build.0 = Release|Any CPU
		{692A58DE-2770-48E3-A7F2-47CA00D42B03}.Debug|Any CPU.ActiveCfg = Debug|Any CPU
		{692A58DE-2770-48E3-A7F2-47CA00D42B03}.Debug|Any CPU.Build.0 = Debug|Any CPU
		{692A58DE-2770-48E3-A7F2-47CA00D42B03}.Release|Any CPU.ActiveCfg = Release|Any CPU
		{692A58DE-2770-48E3-A7F2-47CA00D42B03}.Release|Any CPU.Build.0 = Release|Any CPU
		{A666A203-9BE9-41CA-B53E-A4BE6FFC3732}.Debug|Any CPU.ActiveCfg = Debug|Any CPU
		{A666A203-9BE9-41CA-B53E-A4BE6FFC3732}.Debug|Any CPU.Build.0 = Debug|Any CPU
		{A666A203-9BE9-41CA-B53E-A4BE6FFC3732}.Release|Any CPU.ActiveCfg = Release|Any CPU
		{A666A203-9BE9-41CA-B53E-A4BE6FFC3732}.Release|Any CPU.Build.0 = Release|Any CPU
	EndGlobalSection
	GlobalSection(SolutionProperties) = preSolution
		HideSolutionNode = FALSE
	EndGlobalSection
	GlobalSection(ExtensibilityGlobals) = postSolution
		SolutionGuid = {04BEEEAA-3083-4736-B33A-ACC093AB7474}
	EndGlobalSection
EndGlobal
